// !$*UTF8*$!
{
	archiveVersion = 1;
	classes = {
	};
	objectVersion = 46;
	objects = {

/* Begin PBXBuildFile section */
		D34361271B07C7B400AC47E3 /* AppDelegate.m in Sources */ = {isa = PBXBuildFile; fileRef = D34361261B07C7B400AC47E3 /* AppDelegate.m */; };
		D34361291B07C7B400AC47E3 /* main.m in Sources */ = {isa = PBXBuildFile; fileRef = D34361281B07C7B400AC47E3 /* main.m */; };
		D343612C1B07C7B400AC47E3 /* ViewController.m in Sources */ = {isa = PBXBuildFile; fileRef = D343612B1B07C7B400AC47E3 /* ViewController.m */; };
		D343612E1B07C7B400AC47E3 /* Images.xcassets in Resources */ = {isa = PBXBuildFile; fileRef = D343612D1B07C7B400AC47E3 /* Images.xcassets */; };
		D34361311B07C7B400AC47E3 /* Main.storyboard in Resources */ = {isa = PBXBuildFile; fileRef = D343612F1B07C7B400AC47E3 /* Main.storyboard */; };
		D343613D1B07C7B400AC47E3 /* SnakeMacTests.m in Sources */ = {isa = PBXBuildFile; fileRef = D343613C1B07C7B400AC47E3 /* SnakeMacTests.m */; };
/* End PBXBuildFile section */

/* Begin PBXContainerItemProxy section */
		D34361371B07C7B400AC47E3 /* PBXContainerItemProxy */ = {
			isa = PBXContainerItemProxy;
			containerPortal = D34361181B07C7B400AC47E3 /* Project object */;
			proxyType = 1;
			remoteGlobalIDString = D343611F1B07C7B400AC47E3;
			remoteInfo = SnakeMac;
		};
/* End PBXContainerItemProxy section */

/* Begin PBXFileReference section */
		D34361201B07C7B400AC47E3 /* SnakeMac.app */ = {isa = PBXFileReference; explicitFileType = wrapper.application; includeInIndex = 0; path = SnakeMac.app; sourceTree = BUILT_PRODUCTS_DIR; };
		D34361241B07C7B400AC47E3 /* Info.plist */ = {isa = PBXFileReference; lastKnownFileType = text.plist.xml; path = Info.plist; sourceTree = "<group>"; };
		D34361251B07C7B400AC47E3 /* AppDelegate.h */ = {isa = PBXFileReference; lastKnownFileType = sourcecode.c.h; path = AppDelegate.h; sourceTree = "<group>"; };
		D34361261B07C7B400AC47E3 /* AppDelegate.m */ = {isa = PBXFileReference; lastKnownFileType = sourcecode.c.objc; path = AppDelegate.m; sourceTree = "<group>"; };
		D34361281B07C7B400AC47E3 /* main.m */ = {isa = PBXFileReference; lastKnownFileType = sourcecode.c.objc; path = main.m; sourceTree = "<group>"; };
		D343612A1B07C7B400AC47E3 /* ViewController.h */ = {isa = PBXFileReference; lastKnownFileType = sourcecode.c.h; path = ViewController.h; sourceTree = "<group>"; };
		D343612B1B07C7B400AC47E3 /* ViewController.m */ = {isa = PBXFileReference; lastKnownFileType = sourcecode.c.objc; path = ViewController.m; sourceTree = "<group>"; };
		D343612D1B07C7B400AC47E3 /* Images.xcassets */ = {isa = PBXFileReference; lastKnownFileType = folder.assetcatalog; path = Images.xcassets; sourceTree = "<group>"; };
		D34361301B07C7B400AC47E3 /* Base */ = {isa = PBXFileReference; lastKnownFileType = file.storyboard; name = Base; path = Base.lproj/Main.storyboard; sourceTree = "<group>"; };
		D34361361B07C7B400AC47E3 /* SnakeMacTests.xctest */ = {isa = PBXFileReference; explicitFileType = wrapper.cfbundle; includeInIndex = 0; path = SnakeMacTests.xctest; sourceTree = BUILT_PRODUCTS_DIR; };
		D343613B1B07C7B400AC47E3 /* Info.plist */ = {isa = PBXFileReference; lastKnownFileType = text.plist.xml; path = Info.plist; sourceTree = "<group>"; };
		D343613C1B07C7B400AC47E3 /* SnakeMacTests.m */ = {isa = PBXFileReference; lastKnownFileType = sourcecode.c.objc; path = SnakeMacTests.m; sourceTree = "<group>"; };
/* End PBXFileReference section */

/* Begin PBXFrameworksBuildPhase section */
		D343611D1B07C7B400AC47E3 /* Frameworks */ = {
			isa = PBXFrameworksBuildPhase;
			buildActionMask = 2147483647;
			files = (
			);
			runOnlyForDeploymentPostprocessing = 0;
		};
		D34361331B07C7B400AC47E3 /* Frameworks */ = {
			isa = PBXFrameworksBuildPhase;
			buildActionMask = 2147483647;
			files = (
			);
			runOnlyForDeploymentPostprocessing = 0;
		};
/* End PBXFrameworksBuildPhase section */

/* Begin PBXGroup section */
		D34361171B07C7B400AC47E3 = {
			isa = PBXGroup;
			children = (
				D34361221B07C7B400AC47E3 /* SnakeMac */,
				D34361391B07C7B400AC47E3 /* SnakeMacTests */,
				D34361211B07C7B400AC47E3 /* Products */,
			);
			sourceTree = "<group>";
		};
		D34361211B07C7B400AC47E3 /* Products */ = {
			isa = PBXGroup;
			children = (
				D34361201B07C7B400AC47E3 /* SnakeMac.app */,
				D34361361B07C7B400AC47E3 /* SnakeMacTests.xctest */,
			);
			name = Products;
			sourceTree = "<group>";
		};
		D34361221B07C7B400AC47E3 /* SnakeMac */ = {
			isa = PBXGroup;
			children = (
				D34361251B07C7B400AC47E3 /* AppDelegate.h */,
				D34361261B07C7B400AC47E3 /* AppDelegate.m */,
				D343612A1B07C7B400AC47E3 /* ViewController.h */,
				D343612B1B07C7B400AC47E3 /* ViewController.m */,
				D343612D1B07C7B400AC47E3 /* Images.xcassets */,
				D343612F1B07C7B400AC47E3 /* Main.storyboard */,
				D34361231B07C7B400AC47E3 /* Supporting Files */,
			);
			path = SnakeMac;
			sourceTree = "<group>";
		};
		D34361231B07C7B400AC47E3 /* Supporting Files */ = {
			isa = PBXGroup;
			children = (
				D34361241B07C7B400AC47E3 /* Info.plist */,
				D34361281B07C7B400AC47E3 /* main.m */,
			);
			name = "Supporting Files";
			sourceTree = "<group>";
		};
		D34361391B07C7B400AC47E3 /* SnakeMacTests */ = {
			isa = PBXGroup;
			children = (
				D343613C1B07C7B400AC47E3 /* SnakeMacTests.m */,
				D343613A1B07C7B400AC47E3 /* Supporting Files */,
			);
			path = SnakeMacTests;
			sourceTree = "<group>";
		};
		D343613A1B07C7B400AC47E3 /* Supporting Files */ = {
			isa = PBXGroup;
			children = (
				D343613B1B07C7B400AC47E3 /* Info.plist */,
			);
			name = "Supporting Files";
			sourceTree = "<group>";
		};
/* End PBXGroup section */

/* Begin PBXNativeTarget section */
		D343611F1B07C7B400AC47E3 /* SnakeMac */ = {
			isa = PBXNativeTarget;
			buildConfigurationList = D34361401B07C7B400AC47E3 /* Build configuration list for PBXNativeTarget "SnakeMac" */;
			buildPhases = (
				D343611C1B07C7B400AC47E3 /* Sources */,
				D343611D1B07C7B400AC47E3 /* Frameworks */,
				D343611E1B07C7B400AC47E3 /* Resources */,
			);
			buildRules = (
			);
			dependencies = (
			);
			name = SnakeMac;
			productName = SnakeMac;
			productReference = D34361201B07C7B400AC47E3 /* SnakeMac.app */;
			productType = "com.apple.product-type.application";
		};
		D34361351B07C7B400AC47E3 /* SnakeMacTests */ = {
			isa = PBXNativeTarget;
			buildConfigurationList = D34361431B07C7B400AC47E3 /* Build configuration list for PBXNativeTarget "SnakeMacTests" */;
			buildPhases = (
				D34361321B07C7B400AC47E3 /* Sources */,
				D34361331B07C7B400AC47E3 /* Frameworks */,
				D34361341B07C7B400AC47E3 /* Resources */,
			);
			buildRules = (
			);
			dependencies = (
				D34361381B07C7B400AC47E3 /* PBXTargetDependency */,
			);
			name = SnakeMacTests;
			productName = SnakeMacTests;
			productReference = D34361361B07C7B400AC47E3 /* SnakeMacTests.xctest */;
			productType = "com.apple.product-type.bundle.unit-test";
		};
/* End PBXNativeTarget section */

/* Begin PBXProject section */
		D34361181B07C7B400AC47E3 /* Project object */ = {
			isa = PBXProject;
			attributes = {
				LastUpgradeCheck = 0630;
				ORGANIZATIONNAME = "Alberto Quesada Aranda";
				TargetAttributes = {
					D343611F1B07C7B400AC47E3 = {
						CreatedOnToolsVersion = 6.3.1;
					};
					D34361351B07C7B400AC47E3 = {
						CreatedOnToolsVersion = 6.3.1;
						TestTargetID = D343611F1B07C7B400AC47E3;
					};
				};
			};
			buildConfigurationList = D343611B1B07C7B400AC47E3 /* Build configuration list for PBXProject "SnakeMac" */;
			compatibilityVersion = "Xcode 3.2";
			developmentRegion = English;
			hasScannedForEncodings = 0;
			knownRegions = (
				en,
				Base,
			);
			mainGroup = D34361171B07C7B400AC47E3;
			productRefGroup = D34361211B07C7B400AC47E3 /* Products */;
			projectDirPath = "";
			projectRoot = "";
			targets = (
				D343611F1B07C7B400AC47E3 /* SnakeMac */,
				D34361351B07C7B400AC47E3 /* SnakeMacTests */,
			);
		};
/* End PBXProject section */

/* Begin PBXResourcesBuildPhase section */
		D343611E1B07C7B400AC47E3 /* Resources */ = {
			isa = PBXResourcesBuildPhase;
			buildActionMask = 2147483647;
			files = (
				D343612E1B07C7B400AC47E3 /* Images.xcassets in Resources */,
				D34361311B07C7B400AC47E3 /* Main.storyboard in Resources */,
			);
			runOnlyForDeploymentPostprocessing = 0;
		};
		D34361341B07C7B400AC47E3 /* Resources */ = {
			isa = PBXResourcesBuildPhase;
			buildActionMask = 2147483647;
			files = (
			);
			runOnlyForDeploymentPostprocessing = 0;
		};
/* End PBXResourcesBuildPhase section */

/* Begin PBXSourcesBuildPhase section */
		D343611C1B07C7B400AC47E3 /* Sources */ = {
			isa = PBXSourcesBuildPhase;
			buildActionMask = 2147483647;
			files = (
				D343612C1B07C7B400AC47E3 /* ViewController.m in Sources */,
				D34361291B07C7B400AC47E3 /* main.m in Sources */,
				D34361271B07C7B400AC47E3 /* AppDelegate.m in Sources */,
			);
			runOnlyForDeploymentPostprocessing = 0;
		};
		D34361321B07C7B400AC47E3 /* Sources */ = {
			isa = PBXSourcesBuildPhase;
			buildActionMask = 2147483647;
			files = (
				D343613D1B07C7B400AC47E3 /* SnakeMacTests.m in Sources */,
			);
			runOnlyForDeploymentPostprocessing = 0;
		};
/* End PBXSourcesBuildPhase section */

/* Begin PBXTargetDependency section */
		D34361381B07C7B400AC47E3 /* PBXTargetDependency */ = {
			isa = PBXTargetDependency;
			target = D343611F1B07C7B400AC47E3 /* SnakeMac */;
			targetProxy = D34361371B07C7B400AC47E3 /* PBXContainerItemProxy */;
		};
/* End PBXTargetDependency section */

/* Begin PBXVariantGroup section */
		D343612F1B07C7B400AC47E3 /* Main.storyboard */ = {
			isa = PBXVariantGroup;
			children = (
				D34361301B07C7B400AC47E3 /* Base */,
			);
			name = Main.storyboard;
			sourceTree = "<group>";
		};
/* End PBXVariantGroup section */

/* Begin XCBuildConfiguration section */
		D343613E1B07C7B400AC47E3 /* Debug */ = {
			isa = XCBuildConfiguration;
			buildSettings = {
				ALWAYS_SEARCH_USER_PATHS = NO;
				CLANG_CXX_LANGUAGE_STANDARD = "gnu++0x";
				CLANG_CXX_LIBRARY = "libc++";
				CLANG_ENABLE_MODULES = YES;
				CLANG_ENABLE_OBJC_ARC = YES;
				CLANG_WARN_BOOL_CONVERSION = YES;
				CLANG_WARN_CONSTANT_CONVERSION = YES;
				CLANG_WARN_DIRECT_OBJC_ISA_USAGE = YES_ERROR;
				CLANG_WARN_EMPTY_BODY = YES;
				CLANG_WARN_ENUM_CONVERSION = YES;
				CLANG_WARN_INT_CONVERSION = YES;
				CLANG_WARN_OBJC_ROOT_CLASS = YES_ERROR;
				CLANG_WARN_UNREACHABLE_CODE = YES;
				CLANG_WARN__DUPLICATE_METHOD_MATCH = YES;
				CODE_SIGN_IDENTITY = "-";
				COPY_PHASE_STRIP = NO;
				DEBUG_INFORMATION_FORMAT = dwarf;
				ENABLE_STRICT_OBJC_MSGSEND = YES;
				GCC_C_LANGUAGE_STANDARD = gnu99;
				GCC_DYNAMIC_NO_PIC = NO;
				GCC_NO_COMMON_BLOCKS = YES;
				GCC_OPTIMIZATION_LEVEL = 0;
				GCC_PREPROCESSOR_DEFINITIONS = (
					"DEBUG=1",
					"$(inherited)",
				);
				GCC_SYMBOLS_PRIVATE_EXTERN = NO;
				GCC_WARN_64_TO_32_BIT_CONVERSION = YES;
				GCC_WARN_ABOUT_RETURN_TYPE = YES_ERROR;
				GCC_WARN_UNDECLARED_SELECTOR = YES;
				GCC_WARN_UNINITIALIZED_AUTOS = YES_AGGRESSIVE;
				GCC_WARN_UNUSED_FUNCTION = YES;
				GCC_WARN_UNUSED_VARIABLE = YES;
				MACOSX_DEPLOYMENT_TARGET = 10.10;
				MTL_ENABLE_DEBUG_INFO = YES;
				ONLY_ACTIVE_ARCH = YES;
				SDKROOT = macosx;
			};
			name = Debug;
		};
		D343613F1B07C7B400AC47E3 /* Release */ = {
			isa = XCBuildConfiguration;
			buildSettings = {
				ALWAYS_SEARCH_USER_PATHS = NO;
				CLANG_CXX_LANGUAGE_STANDARD = "gnu++0x";
				CLANG_CXX_LIBRARY = "libc++";
				CLANG_ENABLE_MODULES = YES;
				CLANG_ENABLE_OBJC_ARC = YES;
				CLANG_WARN_BOOL_CONVERSION = YES;
				CLANG_WARN_CONSTANT_CONVERSION = YES;
				CLANG_WARN_DIRECT_OBJC_ISA_USAGE = YES_ERROR;
				CLANG_WARN_EMPTY_BODY = YES;
				CLANG_WARN_ENUM_CONVERSION = YES;
				CLANG_WARN_INT_CONVERSION = YES;
				CLANG_WARN_OBJC_ROOT_CLASS = YES_ERROR;
				CLANG_WARN_UNREACHABLE_CODE = YES;
				CLANG_WARN__DUPLICATE_METHOD_MATCH = YES;
				CODE_SIGN_IDENTITY = "-";
				COPY_PHASE_STRIP = NO;
				DEBUG_INFORMATION_FORMAT = "dwarf-with-dsym";
				ENABLE_NS_ASSERTIONS = NO;
				ENABLE_STRICT_OBJC_MSGSEND = YES;
				GCC_C_LANGUAGE_STANDARD = gnu99;
				GCC_NO_COMMON_BLOCKS = YES;
				GCC_WARN_64_TO_32_BIT_CONVERSION = YES;
				GCC_WARN_ABOUT_RETURN_TYPE = YES_ERROR;
				GCC_WARN_UNDECLARED_SELECTOR = YES;
				GCC_WARN_UNINITIALIZED_AUTOS = YES_AGGRESSIVE;
				GCC_WARN_UNUSED_FUNCTION = YES;
				GCC_WARN_UNUSED_VARIABLE = YES;
				MACOSX_DEPLOYMENT_TARGET = 10.10;
				MTL_ENABLE_DEBUG_INFO = NO;
				SDKROOT = macosx;
			};
			name = Release;
		};
		D34361411B07C7B400AC47E3 /* Debug */ = {
			isa = XCBuildConfiguration;
			buildSettings = {
				ASSETCATALOG_COMPILER_APPICON_NAME = AppIcon;
				COMBINE_HIDPI_IMAGES = YES;
				INFOPLIST_FILE = SnakeMac/Info.plist;
				LD_RUNPATH_SEARCH_PATHS = "$(inherited) @executable_path/../Frameworks";
				PRODUCT_NAME = "$(TARGET_NAME)";
			};
			name = Debug;
		};
		D34361421B07C7B400AC47E3 /* Release */ = {
			isa = XCBuildConfiguration;
			buildSettings = {
				ASSETCATALOG_COMPILER_APPICON_NAME = AppIcon;
				COMBINE_HIDPI_IMAGES = YES;
				INFOPLIST_FILE = SnakeMac/Info.plist;
				LD_RUNPATH_SEARCH_PATHS = "$(inherited) @executable_path/../Frameworks";
				PRODUCT_NAME = "$(TARGET_NAME)";
			};
			name = Release;
		};
		D34361441B07C7B400AC47E3 /* Debug */ = {
			isa = XCBuildConfiguration;
			buildSettings = {
				BUNDLE_LOADER = "$(TEST_HOST)";
				COMBINE_HIDPI_IMAGES = YES;
				FRAMEWORK_SEARCH_PATHS = (
					"$(DEVELOPER_FRAMEWORKS_DIR)",
					"$(inherited)",
				);
				GCC_PREPROCESSOR_DEFINITIONS = (
					"DEBUG=1",
					"$(inherited)",
				);
				INFOPLIST_FILE = SnakeMacTests/Info.plist;
				LD_RUNPATH_SEARCH_PATHS = "$(inherited) @executable_path/../Frameworks @loader_path/../Frameworks";
				PRODUCT_NAME = "$(TARGET_NAME)";
				TEST_HOST = "$(BUILT_PRODUCTS_DIR)/SnakeMac.app/Contents/MacOS/SnakeMac";
			};
			name = Debug;
		};
		D34361451B07C7B400AC47E3 /* Release */ = {
			isa = XCBuildConfiguration;
			buildSettings = {
				BUNDLE_LOADER = "$(TEST_HOST)";
				COMBINE_HIDPI_IMAGES = YES;
				FRAMEWORK_SEARCH_PATHS = (
					"$(DEVELOPER_FRAMEWORKS_DIR)",
					"$(inherited)",
				);
				INFOPLIST_FILE = SnakeMacTests/Info.plist;
				LD_RUNPATH_SEARCH_PATHS = "$(inherited) @executable_path/../Frameworks @loader_path/../Frameworks";
				PRODUCT_NAME = "$(TARGET_NAME)";
				TEST_HOST = "$(BUILT_PRODUCTS_DIR)/SnakeMac.app/Contents/MacOS/SnakeMac";
			};
			name = Release;
		};
/* End XCBuildConfiguration section */

/* Begin XCConfigurationList section */
		D343611B1B07C7B400AC47E3 /* Build configuration list for PBXProject "SnakeMac" */ = {
			isa = XCConfigurationList;
			buildConfigurations = (
				D343613E1B07C7B400AC47E3 /* Debug */,
				D343613F1B07C7B400AC47E3 /* Release */,
			);
			defaultConfigurationIsVisible = 0;
			defaultConfigurationName = Release;
		};
		D34361401B07C7B400AC47E3 /* Build configuration list for PBXNativeTarget "SnakeMac" */ = {
			isa = XCConfigurationList;
			buildConfigurations = (
				D34361411B07C7B400AC47E3 /* Debug */,
				D34361421B07C7B400AC47E3 /* Release */,
			);
			defaultConfigurationIsVisible = 0;
		};
		D34361431B07C7B400AC47E3 /* Build configuration list for PBXNativeTarget "SnakeMacTests" */ = {
			isa = XCConfigurationList;
			buildConfigurations = (
				D34361441B07C7B400AC47E3 /* Debug */,
				D34361451B07C7B400AC47E3 /* Release */,
			);
			defaultConfigurationIsVisible = 0;
		};
/* End XCConfigurationList section */
	};
	rootObject = D34361181B07C7B400AC47E3 /* Project object */;
}
